
Microsoft Visual Studio Solution File, Format Version 12.00
# Visual Studio Version 16
VisualStudioVersion = 16.0.29709.97
MinimumVisualStudioVersion = 10.0.40219.1
Project("{FAE04EC0-301F-11D3-BF4B-00C04F79EFBC}") = "2644-personal", "2644-personal\2644-personal.csproj", "{55538DB2-811E-4DE3-9049-F3F703E4405C}"
EndProject
Global
	GlobalSection(SolutionConfigurationPlatforms) = preSolution
		Debug|Any CPU = Debug|Any CPU
		Release|Any CPU = Release|Any CPU
	EndGlobalSection
	GlobalSection(ProjectConfigurationPlatforms) = postSolution
		{55538DB2-811E-4DE3-9049-F3F703E4405C}.Debug|Any CPU.ActiveCfg = Debug|Any CPU
		{55538DB2-811E-4DE3-9049-F3F703E4405C}.Debug|Any CPU.Build.0 = Debug|Any CPU
		{55538DB2-811E-4DE3-9049-F3F703E4405C}.Release|Any CPU.ActiveCfg = Release|Any CPU
		{55538DB2-811E-4DE3-9049-F3F703E4405C}.Release|Any CPU.Build.0 = Release|Any CPU
	EndGlobalSection
	GlobalSection(SolutionProperties) = preSolution
		HideSolutionNode = FALSE
	EndGlobalSection
	GlobalSection(ExtensibilityGlobals) = postSolution
		SolutionGuid = {CDD28C9D-9951-42CF-9279-396E24C5AAE9}
	EndGlobalSection
EndGlobal
